// !$*UTF8*$!
{
	archiveVersion = 1;
	classes = {
	};
	objectVersion = 50;
	objects = {

/* Begin PBXBuildFile section */
		25E4CB9A25440EC900E73243 /* NewsFeedSwiftUIApp.swift in Sources */ = {isa = PBXBuildFile; fileRef = 25E4CB9925440EC900E73243 /* NewsFeedSwiftUIApp.swift */; };
		25E4CB9C25440EC900E73243 /* ContentView.swift in Sources */ = {isa = PBXBuildFile; fileRef = 25E4CB9B25440EC900E73243 /* ContentView.swift */; };
		25E4CB9E25440EC900E73243 /* Assets.xcassets in Resources */ = {isa = PBXBuildFile; fileRef = 25E4CB9D25440EC900E73243 /* Assets.xcassets */; };
		25E4CBA125440EC900E73243 /* Preview Assets.xcassets in Resources */ = {isa = PBXBuildFile; fileRef = 25E4CBA025440EC900E73243 /* Preview Assets.xcassets */; };
		25E4CBAC25440EC900E73243 /* NewsFeedSwiftUITests.swift in Sources */ = {isa = PBXBuildFile; fileRef = 25E4CBAB25440EC900E73243 /* NewsFeedSwiftUITests.swift */; };
		25E4CBB725440ECA00E73243 /* NewsFeedSwiftUIUITests.swift in Sources */ = {isa = PBXBuildFile; fileRef = 25E4CBB625440ECA00E73243 /* NewsFeedSwiftUIUITests.swift */; };
/* End PBXBuildFile section */

/* Begin PBXContainerItemProxy section */
		25E4CBA825440EC900E73243 /* PBXContainerItemProxy */ = {
			isa = PBXContainerItemProxy;
			containerPortal = 25E4CB8E25440EC900E73243 /* Project object */;
			proxyType = 1;
			remoteGlobalIDString = 25E4CB9525440EC900E73243;
			remoteInfo = NewsFeedSwiftUI;
		};
		25E4CBB325440ECA00E73243 /* PBXContainerItemProxy */ = {
			isa = PBXContainerItemProxy;
			containerPortal = 25E4CB8E25440EC900E73243 /* Project object */;
			proxyType = 1;
			remoteGlobalIDString = 25E4CB9525440EC900E73243;
			remoteInfo = NewsFeedSwiftUI;
		};
/* End PBXContainerItemProxy section */

/* Begin PBXFileReference section */
		25E4CB9625440EC900E73243 /* NewsFeedSwiftUI.app */ = {isa = PBXFileReference; explicitFileType = wrapper.application; includeInIndex = 0; path = NewsFeedSwiftUI.app; sourceTree = BUILT_PRODUCTS_DIR; };
		25E4CB9925440EC900E73243 /* NewsFeedSwiftUIApp.swift */ = {isa = PBXFileReference; lastKnownFileType = sourcecode.swift; path = NewsFeedSwiftUIApp.swift; sourceTree = "<group>"; };
		25E4CB9B25440EC900E73243 /* ContentView.swift */ = {isa = PBXFileReference; lastKnownFileType = sourcecode.swift; path = ContentView.swift; sourceTree = "<group>"; };
		25E4CB9D25440EC900E73243 /* Assets.xcassets */ = {isa = PBXFileReference; lastKnownFileType = folder.assetcatalog; path = Assets.xcassets; sourceTree = "<group>"; };
		25E4CBA025440EC900E73243 /* Preview Assets.xcassets */ = {isa = PBXFileReference; lastKnownFileType = folder.assetcatalog; path = "Preview Assets.xcassets"; sourceTree = "<group>"; };
		25E4CBA225440EC900E73243 /* Info.plist */ = {isa = PBXFileReference; lastKnownFileType = text.plist.xml; path = Info.plist; sourceTree = "<group>"; };
		25E4CBA725440EC900E73243 /* NewsFeedSwiftUITests.xctest */ = {isa = PBXFileReference; explicitFileType = wrapper.cfbundle; includeInIndex = 0; path = NewsFeedSwiftUITests.xctest; sourceTree = BUILT_PRODUCTS_DIR; };
		25E4CBAB25440EC900E73243 /* NewsFeedSwiftUITests.swift */ = {isa = PBXFileReference; lastKnownFileType = sourcecode.swift; path = NewsFeedSwiftUITests.swift; sourceTree = "<group>"; };
		25E4CBAD25440EC900E73243 /* Info.plist */ = {isa = PBXFileReference; lastKnownFileType = text.plist.xml; path = Info.plist; sourceTree = "<group>"; };
		25E4CBB225440ECA00E73243 /* NewsFeedSwiftUIUITests.xctest */ = {isa = PBXFileReference; explicitFileType = wrapper.cfbundle; includeInIndex = 0; path = NewsFeedSwiftUIUITests.xctest; sourceTree = BUILT_PRODUCTS_DIR; };
		25E4CBB625440ECA00E73243 /* NewsFeedSwiftUIUITests.swift */ = {isa = PBXFileReference; lastKnownFileType = sourcecode.swift; path = NewsFeedSwiftUIUITests.swift; sourceTree = "<group>"; };
		25E4CBB825440ECA00E73243 /* Info.plist */ = {isa = PBXFileReference; lastKnownFileType = text.plist.xml; path = Info.plist; sourceTree = "<group>"; };
/* End PBXFileReference section */

/* Begin PBXFrameworksBuildPhase section */
		25E4CB9325440EC900E73243 /* Frameworks */ = {
			isa = PBXFrameworksBuildPhase;
			buildActionMask = 2147483647;
			files = (
			);
			runOnlyForDeploymentPostprocessing = 0;
		};
		25E4CBA425440EC900E73243 /* Frameworks */ = {
			isa = PBXFrameworksBuildPhase;
			buildActionMask = 2147483647;
			files = (
			);
			runOnlyForDeploymentPostprocessing = 0;
		};
		25E4CBAF25440ECA00E73243 /* Frameworks */ = {
			isa = PBXFrameworksBuildPhase;
			buildActionMask = 2147483647;
			files = (
			);
			runOnlyForDeploymentPostprocessing = 0;
		};
/* End PBXFrameworksBuildPhase section */

/* Begin PBXGroup section */
		25E4CB8D25440EC900E73243 = {
			isa = PBXGroup;
			children = (
				25E4CB9825440EC900E73243 /* NewsFeedSwiftUI */,
				25E4CBAA25440EC900E73243 /* NewsFeedSwiftUITests */,
				25E4CBB525440ECA00E73243 /* NewsFeedSwiftUIUITests */,
				25E4CB9725440EC900E73243 /* Products */,
			);
			sourceTree = "<group>";
		};
		25E4CB9725440EC900E73243 /* Products */ = {
			isa = PBXGroup;
			children = (
				25E4CB9625440EC900E73243 /* NewsFeedSwiftUI.app */,
				25E4CBA725440EC900E73243 /* NewsFeedSwiftUITests.xctest */,
				25E4CBB225440ECA00E73243 /* NewsFeedSwiftUIUITests.xctest */,
			);
			name = Products;
			sourceTree = "<group>";
		};
		25E4CB9825440EC900E73243 /* NewsFeedSwiftUI */ = {
			isa = PBXGroup;
			children = (
				25E4CB9925440EC900E73243 /* NewsFeedSwiftUIApp.swift */,
				25E4CB9B25440EC900E73243 /* ContentView.swift */,
				25E4CB9D25440EC900E73243 /* Assets.xcassets */,
				25E4CBA225440EC900E73243 /* Info.plist */,
				25E4CB9F25440EC900E73243 /* Preview Content */,
			);
			path = NewsFeedSwiftUI;
			sourceTree = "<group>";
		};
		25E4CB9F25440EC900E73243 /* Preview Content */ = {
			isa = PBXGroup;
			children = (
				25E4CBA025440EC900E73243 /* Preview Assets.xcassets */,
			);
			path = "Preview Content";
			sourceTree = "<group>";
		};
		25E4CBAA25440EC900E73243 /* NewsFeedSwiftUITests */ = {
			isa = PBXGroup;
			children = (
				25E4CBAB25440EC900E73243 /* NewsFeedSwiftUITests.swift */,
				25E4CBAD25440EC900E73243 /* Info.plist */,
			);
			path = NewsFeedSwiftUITests;
			sourceTree = "<group>";
		};
		25E4CBB525440ECA00E73243 /* NewsFeedSwiftUIUITests */ = {
			isa = PBXGroup;
			children = (
				25E4CBB625440ECA00E73243 /* NewsFeedSwiftUIUITests.swift */,
				25E4CBB825440ECA00E73243 /* Info.plist */,
			);
			path = NewsFeedSwiftUIUITests;
			sourceTree = "<group>";
		};
/* End PBXGroup section */

/* Begin PBXNativeTarget section */
		25E4CB9525440EC900E73243 /* NewsFeedSwiftUI */ = {
			isa = PBXNativeTarget;
			buildConfigurationList = 25E4CBBB25440ECA00E73243 /* Build configuration list for PBXNativeTarget "NewsFeedSwiftUI" */;
			buildPhases = (
				25E4CB9225440EC900E73243 /* Sources */,
				25E4CB9325440EC900E73243 /* Frameworks */,
				25E4CB9425440EC900E73243 /* Resources */,
			);
			buildRules = (
			);
			dependencies = (
			);
			name = NewsFeedSwiftUI;
			productName = NewsFeedSwiftUI;
			productReference = 25E4CB9625440EC900E73243 /* NewsFeedSwiftUI.app */;
			productType = "com.apple.product-type.application";
		};
		25E4CBA625440EC900E73243 /* NewsFeedSwiftUITests */ = {
			isa = PBXNativeTarget;
			buildConfigurationList = 25E4CBBE25440ECA00E73243 /* Build configuration list for PBXNativeTarget "NewsFeedSwiftUITests" */;
			buildPhases = (
				25E4CBA325440EC900E73243 /* Sources */,
				25E4CBA425440EC900E73243 /* Frameworks */,
				25E4CBA525440EC900E73243 /* Resources */,
			);
			buildRules = (
			);
			dependencies = (
				25E4CBA925440EC900E73243 /* PBXTargetDependency */,
			);
			name = NewsFeedSwiftUITests;
			productName = NewsFeedSwiftUITests;
			productReference = 25E4CBA725440EC900E73243 /* NewsFeedSwiftUITests.xctest */;
			productType = "com.apple.product-type.bundle.unit-test";
		};
		25E4CBB125440ECA00E73243 /* NewsFeedSwiftUIUITests */ = {
			isa = PBXNativeTarget;
			buildConfigurationList = 25E4CBC125440ECA00E73243 /* Build configuration list for PBXNativeTarget "NewsFeedSwiftUIUITests" */;
			buildPhases = (
				25E4CBAE25440ECA00E73243 /* Sources */,
				25E4CBAF25440ECA00E73243 /* Frameworks */,
				25E4CBB025440ECA00E73243 /* Resources */,
			);
			buildRules = (
			);
			dependencies = (
				25E4CBB425440ECA00E73243 /* PBXTargetDependency */,
			);
			name = NewsFeedSwiftUIUITests;
			productName = NewsFeedSwiftUIUITests;
			productReference = 25E4CBB225440ECA00E73243 /* NewsFeedSwiftUIUITests.xctest */;
			productType = "com.apple.product-type.bundle.ui-testing";
		};
/* End PBXNativeTarget section */

/* Begin PBXProject section */
		25E4CB8E25440EC900E73243 /* Project object */ = {
			isa = PBXProject;
			attributes = {
				LastSwiftUpdateCheck = 1200;
				LastUpgradeCheck = 1200;
				TargetAttributes = {
					25E4CB9525440EC900E73243 = {
						CreatedOnToolsVersion = 12.0.1;
					};
					25E4CBA625440EC900E73243 = {
						CreatedOnToolsVersion = 12.0.1;
						TestTargetID = 25E4CB9525440EC900E73243;
					};
					25E4CBB125440ECA00E73243 = {
						CreatedOnToolsVersion = 12.0.1;
						TestTargetID = 25E4CB9525440EC900E73243;
					};
				};
			};
			buildConfigurationList = 25E4CB9125440EC900E73243 /* Build configuration list for PBXProject "NewsFeedSwiftUI" */;
			compatibilityVersion = "Xcode 9.3";
			developmentRegion = en;
			hasScannedForEncodings = 0;
			knownRegions = (
				en,
				Base,
			);
			mainGroup = 25E4CB8D25440EC900E73243;
			productRefGroup = 25E4CB9725440EC900E73243 /* Products */;
			projectDirPath = "";
			projectRoot = "";
			targets = (
				25E4CB9525440EC900E73243 /* NewsFeedSwiftUI */,
				25E4CBA625440EC900E73243 /* NewsFeedSwiftUITests */,
				25E4CBB125440ECA00E73243 /* NewsFeedSwiftUIUITests */,
			);
		};
/* End PBXProject section */

/* Begin PBXResourcesBuildPhase section */
		25E4CB9425440EC900E73243 /* Resources */ = {
			isa = PBXResourcesBuildPhase;
			buildActionMask = 2147483647;
			files = (
				25E4CBA125440EC900E73243 /* Preview Assets.xcassets in Resources */,
				25E4CB9E25440EC900E73243 /* Assets.xcassets in Resources */,
			);
			runOnlyForDeploymentPostprocessing = 0;
		};
		25E4CBA525440EC900E73243 /* Resources */ = {
			isa = PBXResourcesBuildPhase;
			buildActionMask = 2147483647;
			files = (
			);
			runOnlyForDeploymentPostprocessing = 0;
		};
		25E4CBB025440ECA00E73243 /* Resources */ = {
			isa = PBXResourcesBuildPhase;
			buildActionMask = 2147483647;
			files = (
			);
			runOnlyForDeploymentPostprocessing = 0;
		};
/* End PBXResourcesBuildPhase section */

/* Begin PBXSourcesBuildPhase section */
		25E4CB9225440EC900E73243 /* Sources */ = {
			isa = PBXSourcesBuildPhase;
			buildActionMask = 2147483647;
			files = (
				25E4CB9C25440EC900E73243 /* ContentView.swift in Sources */,
				25E4CB9A25440EC900E73243 /* NewsFeedSwiftUIApp.swift in Sources */,
			);
			runOnlyForDeploymentPostprocessing = 0;
		};
		25E4CBA325440EC900E73243 /* Sources */ = {
			isa = PBXSourcesBuildPhase;
			buildActionMask = 2147483647;
			files = (
				25E4CBAC25440EC900E73243 /* NewsFeedSwiftUITests.swift in Sources */,
			);
			runOnlyForDeploymentPostprocessing = 0;
		};
		25E4CBAE25440ECA00E73243 /* Sources */ = {
			isa = PBXSourcesBuildPhase;
			buildActionMask = 2147483647;
			files = (
				25E4CBB725440ECA00E73243 /* NewsFeedSwiftUIUITests.swift in Sources */,
			);
			runOnlyForDeploymentPostprocessing = 0;
		};
/* End PBXSourcesBuildPhase section */

/* Begin PBXTargetDependency section */
		25E4CBA925440EC900E73243 /* PBXTargetDependency */ = {
			isa = PBXTargetDependency;
			target = 25E4CB9525440EC900E73243 /* NewsFeedSwiftUI */;
			targetProxy = 25E4CBA825440EC900E73243 /* PBXContainerItemProxy */;
		};
		25E4CBB425440ECA00E73243 /* PBXTargetDependency */ = {
			isa = PBXTargetDependency;
			target = 25E4CB9525440EC900E73243 /* NewsFeedSwiftUI */;
			targetProxy = 25E4CBB325440ECA00E73243 /* PBXContainerItemProxy */;
		};
/* End PBXTargetDependency section */

/* Begin XCBuildConfiguration section */
		25E4CBB925440ECA00E73243 /* Debug */ = {
			isa = XCBuildConfiguration;
			buildSettings = {
				ALWAYS_SEARCH_USER_PATHS = NO;
				CLANG_ANALYZER_NONNULL = YES;
				CLANG_ANALYZER_NUMBER_OBJECT_CONVERSION = YES_AGGRESSIVE;
				CLANG_CXX_LANGUAGE_STANDARD = "gnu++14";
				CLANG_CXX_LIBRARY = "libc++";
				CLANG_ENABLE_MODULES = YES;
				CLANG_ENABLE_OBJC_ARC = YES;
				CLANG_ENABLE_OBJC_WEAK = YES;
				CLANG_WARN_BLOCK_CAPTURE_AUTORELEASING = YES;
				CLANG_WARN_BOOL_CONVERSION = YES;
				CLANG_WARN_COMMA = YES;
				CLANG_WARN_CONSTANT_CONVERSION = YES;
				CLANG_WARN_DEPRECATED_OBJC_IMPLEMENTATIONS = YES;
				CLANG_WARN_DIRECT_OBJC_ISA_USAGE = YES_ERROR;
				CLANG_WARN_DOCUMENTATION_COMMENTS = YES;
				CLANG_WARN_EMPTY_BODY = YES;
				CLANG_WARN_ENUM_CONVERSION = YES;
				CLANG_WARN_INFINITE_RECURSION = YES;
				CLANG_WARN_INT_CONVERSION = YES;
				CLANG_WARN_NON_LITERAL_NULL_CONVERSION = YES;
				CLANG_WARN_OBJC_IMPLICIT_RETAIN_SELF = YES;
				CLANG_WARN_OBJC_LITERAL_CONVERSION = YES;
				CLANG_WARN_OBJC_ROOT_CLASS = YES_ERROR;
				CLANG_WARN_QUOTED_INCLUDE_IN_FRAMEWORK_HEADER = YES;
				CLANG_WARN_RANGE_LOOP_ANALYSIS = YES;
				CLANG_WARN_STRICT_PROTOTYPES = YES;
				CLANG_WARN_SUSPICIOUS_MOVE = YES;
				CLANG_WARN_UNGUARDED_AVAILABILITY = YES_AGGRESSIVE;
				CLANG_WARN_UNREACHABLE_CODE = YES;
				CLANG_WARN__DUPLICATE_METHOD_MATCH = YES;
				COPY_PHASE_STRIP = NO;
				DEBUG_INFORMATION_FORMAT = dwarf;
				ENABLE_STRICT_OBJC_MSGSEND = YES;
				ENABLE_TESTABILITY = YES;
				GCC_C_LANGUAGE_STANDARD = gnu11;
				GCC_DYNAMIC_NO_PIC = NO;
				GCC_NO_COMMON_BLOCKS = YES;
				GCC_OPTIMIZATION_LEVEL = 0;
				GCC_PREPROCESSOR_DEFINITIONS = (
					"DEBUG=1",
					"$(inherited)",
				);
				GCC_WARN_64_TO_32_BIT_CONVERSION = YES;
				GCC_WARN_ABOUT_RETURN_TYPE = YES_ERROR;
				GCC_WARN_UNDECLARED_SELECTOR = YES;
				GCC_WARN_UNINITIALIZED_AUTOS = YES_AGGRESSIVE;
				GCC_WARN_UNUSED_FUNCTION = YES;
				GCC_WARN_UNUSED_VARIABLE = YES;
				IPHONEOS_DEPLOYMENT_TARGET = 14.0;
				MTL_ENABLE_DEBUG_INFO = INCLUDE_SOURCE;
				MTL_FAST_MATH = YES;
				ONLY_ACTIVE_ARCH = YES;
				SDKROOT = iphoneos;
				SWIFT_ACTIVE_COMPILATION_CONDITIONS = DEBUG;
				SWIFT_OPTIMIZATION_LEVEL = "-Onone";
			};
			name = Debug;
		};
		25E4CBBA25440ECA00E73243 /* Release */ = {
			isa = XCBuildConfiguration;
			buildSettings = {
				ALWAYS_SEARCH_USER_PATHS = NO;
				CLANG_ANALYZER_NONNULL = YES;
				CLANG_ANALYZER_NUMBER_OBJECT_CONVERSION = YES_AGGRESSIVE;
				CLANG_CXX_LANGUAGE_STANDARD = "gnu++14";
				CLANG_CXX_LIBRARY = "libc++";
				CLANG_ENABLE_MODULES = YES;
				CLANG_ENABLE_OBJC_ARC = YES;
				CLANG_ENABLE_OBJC_WEAK = YES;
				CLANG_WARN_BLOCK_CAPTURE_AUTORELEASING = YES;
				CLANG_WARN_BOOL_CONVERSION = YES;
				CLANG_WARN_COMMA = YES;
				CLANG_WARN_CONSTANT_CONVERSION = YES;
				CLANG_WARN_DEPRECATED_OBJC_IMPLEMENTATIONS = YES;
				CLANG_WARN_DIRECT_OBJC_ISA_USAGE = YES_ERROR;
				CLANG_WARN_DOCUMENTATION_COMMENTS = YES;
				CLANG_WARN_EMPTY_BODY = YES;
				CLANG_WARN_ENUM_CONVERSION = YES;
				CLANG_WARN_INFINITE_RECURSION = YES;
				CLANG_WARN_INT_CONVERSION = YES;
				CLANG_WARN_NON_LITERAL_NULL_CONVERSION = YES;
				CLANG_WARN_OBJC_IMPLICIT_RETAIN_SELF = YES;
				CLANG_WARN_OBJC_LITERAL_CONVERSION = YES;
				CLANG_WARN_OBJC_ROOT_CLASS = YES_ERROR;
				CLANG_WARN_QUOTED_INCLUDE_IN_FRAMEWORK_HEADER = YES;
				CLANG_WARN_RANGE_LOOP_ANALYSIS = YES;
				CLANG_WARN_STRICT_PROTOTYPES = YES;
				CLANG_WARN_SUSPICIOUS_MOVE = YES;
				CLANG_WARN_UNGUARDED_AVAILABILITY = YES_AGGRESSIVE;
				CLANG_WARN_UNREACHABLE_CODE = YES;
				CLANG_WARN__DUPLICATE_METHOD_MATCH = YES;
				COPY_PHASE_STRIP = NO;
				DEBUG_INFORMATION_FORMAT = "dwarf-with-dsym";
				ENABLE_NS_ASSERTIONS = NO;
				ENABLE_STRICT_OBJC_MSGSEND = YES;
				GCC_C_LANGUAGE_STANDARD = gnu11;
				GCC_NO_COMMON_BLOCKS = YES;
				GCC_WARN_64_TO_32_BIT_CONVERSION = YES;
				GCC_WARN_ABOUT_RETURN_TYPE = YES_ERROR;
				GCC_WARN_UNDECLARED_SELECTOR = YES;
				GCC_WARN_UNINITIALIZED_AUTOS = YES_AGGRESSIVE;
				GCC_WARN_UNUSED_FUNCTION = YES;
				GCC_WARN_UNUSED_VARIABLE = YES;
				IPHONEOS_DEPLOYMENT_TARGET = 14.0;
				MTL_ENABLE_DEBUG_INFO = NO;
				MTL_FAST_MATH = YES;
				SDKROOT = iphoneos;
				SWIFT_COMPILATION_MODE = wholemodule;
				SWIFT_OPTIMIZATION_LEVEL = "-O";
				VALIDATE_PRODUCT = YES;
			};
			name = Release;
		};
		25E4CBBC25440ECA00E73243 /* Debug */ = {
			isa = XCBuildConfiguration;
			buildSettings = {
				ASSETCATALOG_COMPILER_APPICON_NAME = AppIcon;
				ASSETCATALOG_COMPILER_GLOBAL_ACCENT_COLOR_NAME = AccentColor;
				CODE_SIGN_STYLE = Automatic;
				DEVELOPMENT_ASSET_PATHS = "\"NewsFeedSwiftUI/Preview Content\"";
				DEVELOPMENT_TEAM = P9KK452K8P;
				ENABLE_PREVIEWS = YES;
				INFOPLIST_FILE = NewsFeedSwiftUI/Info.plist;
				IPHONEOS_DEPLOYMENT_TARGET = 14.0;
				LD_RUNPATH_SEARCH_PATHS = (
					"$(inherited)",
					"@executable_path/Frameworks",
				);
				PRODUCT_BUNDLE_IDENTIFIER = sirilee.NewsFeedSwiftUI;
				PRODUCT_NAME = "$(TARGET_NAME)";
				SWIFT_VERSION = 5.0;
				TARGETED_DEVICE_FAMILY = "1,2";
			};
			name = Debug;
		};
		25E4CBBD25440ECA00E73243 /* Release */ = {
			isa = XCBuildConfiguration;
			buildSettings = {
				ASSETCATALOG_COMPILER_APPICON_NAME = AppIcon;
				ASSETCATALOG_COMPILER_GLOBAL_ACCENT_COLOR_NAME = AccentColor;
				CODE_SIGN_STYLE = Automatic;
				DEVELOPMENT_ASSET_PATHS = "\"NewsFeedSwiftUI/Preview Content\"";
				DEVELOPMENT_TEAM = P9KK452K8P;
				ENABLE_PREVIEWS = YES;
				INFOPLIST_FILE = NewsFeedSwiftUI/Info.plist;
				IPHONEOS_DEPLOYMENT_TARGET = 14.0;
				LD_RUNPATH_SEARCH_PATHS = (
					"$(inherited)",
					"@executable_path/Frameworks",
				);
				PRODUCT_BUNDLE_IDENTIFIER = sirilee.NewsFeedSwiftUI;
				PRODUCT_NAME = "$(TARGET_NAME)";
				SWIFT_VERSION = 5.0;
				TARGETED_DEVICE_FAMILY = "1,2";
			};
			name = Release;
		};
		25E4CBBF25440ECA00E73243 /* Debug */ = {
			isa = XCBuildConfiguration;
			buildSettings = {
				ALWAYS_EMBED_SWIFT_STANDARD_LIBRARIES = YES;
				BUNDLE_LOADER = "$(TEST_HOST)";
				CODE_SIGN_STYLE = Automatic;
				DEVELOPMENT_TEAM = P9KK452K8P;
				INFOPLIST_FILE = NewsFeedSwiftUITests/Info.plist;
				IPHONEOS_DEPLOYMENT_TARGET = 14.0;
				LD_RUNPATH_SEARCH_PATHS = (
					"$(inherited)",
					"@executable_path/Frameworks",
					"@loader_path/Frameworks",
				);
				PRODUCT_BUNDLE_IDENTIFIER = sirilee.NewsFeedSwiftUITests;
				PRODUCT_NAME = "$(TARGET_NAME)";
				SWIFT_VERSION = 5.0;
				TARGETED_DEVICE_FAMILY = "1,2";
				TEST_HOST = "$(BUILT_PRODUCTS_DIR)/NewsFeedSwiftUI.app/NewsFeedSwiftUI";
			};
			name = Debug;
		};
		25E4CBC025440ECA00E73243 /* Release */ = {
			isa = XCBuildConfiguration;
			buildSettings = {
				ALWAYS_EMBED_SWIFT_STANDARD_LIBRARIES = YES;
				BUNDLE_LOADER = "$(TEST_HOST)";
				CODE_SIGN_STYLE = Automatic;
				DEVELOPMENT_TEAM = P9KK452K8P;
				INFOPLIST_FILE = NewsFeedSwiftUITests/Info.plist;
				IPHONEOS_DEPLOYMENT_TARGET = 14.0;
				LD_RUNPATH_SEARCH_PATHS = (
					"$(inherited)",
					"@executable_path/Frameworks",
					"@loader_path/Frameworks",
				);
				PRODUCT_BUNDLE_IDENTIFIER = sirilee.NewsFeedSwiftUITests;
				PRODUCT_NAME = "$(TARGET_NAME)";
				SWIFT_VERSION = 5.0;
				TARGETED_DEVICE_FAMILY = "1,2";
				TEST_HOST = "$(BUILT_PRODUCTS_DIR)/NewsFeedSwiftUI.app/NewsFeedSwiftUI";
			};
			name = Release;
		};
		25E4CBC225440ECA00E73243 /* Debug */ = {
			isa = XCBuildConfiguration;
			buildSettings = {
				ALWAYS_EMBED_SWIFT_STANDARD_LIBRARIES = YES;
				CODE_SIGN_STYLE = Automatic;
				DEVELOPMENT_TEAM = P9KK452K8P;
				INFOPLIST_FILE = NewsFeedSwiftUIUITests/Info.plist;
				LD_RUNPATH_SEARCH_PATHS = (
					"$(inherited)",
					"@executable_path/Frameworks",
					"@loader_path/Frameworks",
				);
				PRODUCT_BUNDLE_IDENTIFIER = sirilee.NewsFeedSwiftUIUITests;
				PRODUCT_NAME = "$(TARGET_NAME)";
				SWIFT_VERSION = 5.0;
				TARGETED_DEVICE_FAMILY = "1,2";
				TEST_TARGET_NAME = NewsFeedSwiftUI;
			};
			name = Debug;
		};
		25E4CBC325440ECA00E73243 /* Release */ = {
			isa = XCBuildConfiguration;
			buildSettings = {
				ALWAYS_EMBED_SWIFT_STANDARD_LIBRARIES = YES;
				CODE_SIGN_STYLE = Automatic;
				DEVELOPMENT_TEAM = P9KK452K8P;
				INFOPLIST_FILE = NewsFeedSwiftUIUITests/Info.plist;
				LD_RUNPATH_SEARCH_PATHS = (
					"$(inherited)",
					"@executable_path/Frameworks",
					"@loader_path/Frameworks",
				);
				PRODUCT_BUNDLE_IDENTIFIER = sirilee.NewsFeedSwiftUIUITests;
				PRODUCT_NAME = "$(TARGET_NAME)";
				SWIFT_VERSION = 5.0;
				TARGETED_DEVICE_FAMILY = "1,2";
				TEST_TARGET_NAME = NewsFeedSwiftUI;
			};
			name = Release;
		};
/* End XCBuildConfiguration section */

/* Begin XCConfigurationList section */
		25E4CB9125440EC900E73243 /* Build configuration list for PBXProject "NewsFeedSwiftUI" */ = {
			isa = XCConfigurationList;
			buildConfigurations = (
				25E4CBB925440ECA00E73243 /* Debug */,
				25E4CBBA25440ECA00E73243 /* Release */,
			);
			defaultConfigurationIsVisible = 0;
			defaultConfigurationName = Release;
		};
		25E4CBBB25440ECA00E73243 /* Build configuration list for PBXNativeTarget "NewsFeedSwiftUI" */ = {
			isa = XCConfigurationList;
			buildConfigurations = (
				25E4CBBC25440ECA00E73243 /* Debug */,
				25E4CBBD25440ECA00E73243 /* Release */,
			);
			defaultConfigurationIsVisible = 0;
			defaultConfigurationName = Release;
		};
		25E4CBBE25440ECA00E73243 /* Build configuration list for PBXNativeTarget "NewsFeedSwiftUITests" */ = {
			isa = XCConfigurationList;
			buildConfigurations = (
				25E4CBBF25440ECA00E73243 /* Debug */,
				25E4CBC025440ECA00E73243 /* Release */,
			);
			defaultConfigurationIsVisible = 0;
			defaultConfigurationName = Release;
		};
		25E4CBC125440ECA00E73243 /* Build configuration list for PBXNativeTarget "NewsFeedSwiftUIUITests" */ = {
			isa = XCConfigurationList;
			buildConfigurations = (
				25E4CBC225440ECA00E73243 /* Debug */,
				25E4CBC325440ECA00E73243 /* Release */,
			);
			defaultConfigurationIsVisible = 0;
			defaultConfigurationName = Release;
		};
/* End XCConfigurationList section */
	};
	rootObject = 25E4CB8E25440EC900E73243 /* Project object */;
}
